// !$*UTF8*$!
{
	archiveVersion = 1;
	classes = {
	};
	objectVersion = 50;
	objects = {

/* Begin PBXBuildFile section */
		A347A4AA2487E175001115AF /* AppDelegate.swift in Sources */ = {isa = PBXBuildFile; fileRef = A347A4A92487E175001115AF /* AppDelegate.swift */; };
		A347A4AC2487E175001115AF /* SceneDelegate.swift in Sources */ = {isa = PBXBuildFile; fileRef = A347A4AB2487E175001115AF /* SceneDelegate.swift */; };
		A347A4AE2487E175001115AF /* ViewController.swift in Sources */ = {isa = PBXBuildFile; fileRef = A347A4AD2487E175001115AF /* ViewController.swift */; };
		A347A4B12487E175001115AF /* Main.storyboard in Resources */ = {isa = PBXBuildFile; fileRef = A347A4AF2487E175001115AF /* Main.storyboard */; };
		A347A4B42487E175001115AF /* KeyValuePicker.xcdatamodeld in Sources */ = {isa = PBXBuildFile; fileRef = A347A4B22487E175001115AF /* KeyValuePicker.xcdatamodeld */; };
		A347A4B62487E176001115AF /* Assets.xcassets in Resources */ = {isa = PBXBuildFile; fileRef = A347A4B52487E176001115AF /* Assets.xcassets */; };
		A347A4B92487E176001115AF /* LaunchScreen.storyboard in Resources */ = {isa = PBXBuildFile; fileRef = A347A4B72487E176001115AF /* LaunchScreen.storyboard */; };
		A347A4C42487E176001115AF /* KeyValuePickerTests.swift in Sources */ = {isa = PBXBuildFile; fileRef = A347A4C32487E176001115AF /* KeyValuePickerTests.swift */; };
		A347A4CF2487E176001115AF /* KeyValuePickerUITests.swift in Sources */ = {isa = PBXBuildFile; fileRef = A347A4CE2487E176001115AF /* KeyValuePickerUITests.swift */; };
/* End PBXBuildFile section */

/* Begin PBXContainerItemProxy section */
		A347A4C02487E176001115AF /* PBXContainerItemProxy */ = {
			isa = PBXContainerItemProxy;
			containerPortal = A347A49E2487E175001115AF /* Project object */;
			proxyType = 1;
			remoteGlobalIDString = A347A4A52487E175001115AF;
			remoteInfo = KeyValuePicker;
		};
		A347A4CB2487E176001115AF /* PBXContainerItemProxy */ = {
			isa = PBXContainerItemProxy;
			containerPortal = A347A49E2487E175001115AF /* Project object */;
			proxyType = 1;
			remoteGlobalIDString = A347A4A52487E175001115AF;
			remoteInfo = KeyValuePicker;
		};
/* End PBXContainerItemProxy section */

/* Begin PBXFileReference section */
		A347A4A62487E175001115AF /* KeyValuePicker.app */ = {isa = PBXFileReference; explicitFileType = wrapper.application; includeInIndex = 0; path = KeyValuePicker.app; sourceTree = BUILT_PRODUCTS_DIR; };
		A347A4A92487E175001115AF /* AppDelegate.swift */ = {isa = PBXFileReference; lastKnownFileType = sourcecode.swift; path = AppDelegate.swift; sourceTree = "<group>"; };
		A347A4AB2487E175001115AF /* SceneDelegate.swift */ = {isa = PBXFileReference; lastKnownFileType = sourcecode.swift; path = SceneDelegate.swift; sourceTree = "<group>"; };
		A347A4AD2487E175001115AF /* ViewController.swift */ = {isa = PBXFileReference; lastKnownFileType = sourcecode.swift; path = ViewController.swift; sourceTree = "<group>"; };
		A347A4B02487E175001115AF /* Base */ = {isa = PBXFileReference; lastKnownFileType = file.storyboard; name = Base; path = Base.lproj/Main.storyboard; sourceTree = "<group>"; };
		A347A4B32487E175001115AF /* KeyValuePicker.xcdatamodel */ = {isa = PBXFileReference; lastKnownFileType = wrapper.xcdatamodel; path = KeyValuePicker.xcdatamodel; sourceTree = "<group>"; };
		A347A4B52487E176001115AF /* Assets.xcassets */ = {isa = PBXFileReference; lastKnownFileType = folder.assetcatalog; path = Assets.xcassets; sourceTree = "<group>"; };
		A347A4B82487E176001115AF /* Base */ = {isa = PBXFileReference; lastKnownFileType = file.storyboard; name = Base; path = Base.lproj/LaunchScreen.storyboard; sourceTree = "<group>"; };
		A347A4BA2487E176001115AF /* Info.plist */ = {isa = PBXFileReference; lastKnownFileType = text.plist.xml; path = Info.plist; sourceTree = "<group>"; };
		A347A4BF2487E176001115AF /* KeyValuePickerTests.xctest */ = {isa = PBXFileReference; explicitFileType = wrapper.cfbundle; includeInIndex = 0; path = KeyValuePickerTests.xctest; sourceTree = BUILT_PRODUCTS_DIR; };
		A347A4C32487E176001115AF /* KeyValuePickerTests.swift */ = {isa = PBXFileReference; lastKnownFileType = sourcecode.swift; path = KeyValuePickerTests.swift; sourceTree = "<group>"; };
		A347A4C52487E176001115AF /* Info.plist */ = {isa = PBXFileReference; lastKnownFileType = text.plist.xml; path = Info.plist; sourceTree = "<group>"; };
		A347A4CA2487E176001115AF /* KeyValuePickerUITests.xctest */ = {isa = PBXFileReference; explicitFileType = wrapper.cfbundle; includeInIndex = 0; path = KeyValuePickerUITests.xctest; sourceTree = BUILT_PRODUCTS_DIR; };
		A347A4CE2487E176001115AF /* KeyValuePickerUITests.swift */ = {isa = PBXFileReference; lastKnownFileType = sourcecode.swift; path = KeyValuePickerUITests.swift; sourceTree = "<group>"; };
		A347A4D02487E176001115AF /* Info.plist */ = {isa = PBXFileReference; lastKnownFileType = text.plist.xml; path = Info.plist; sourceTree = "<group>"; };
/* End PBXFileReference section */

/* Begin PBXFrameworksBuildPhase section */
		A347A4A32487E175001115AF /* Frameworks */ = {
			isa = PBXFrameworksBuildPhase;
			buildActionMask = 2147483647;
			files = (
			);
			runOnlyForDeploymentPostprocessing = 0;
		};
		A347A4BC2487E176001115AF /* Frameworks */ = {
			isa = PBXFrameworksBuildPhase;
			buildActionMask = 2147483647;
			files = (
			);
			runOnlyForDeploymentPostprocessing = 0;
		};
		A347A4C72487E176001115AF /* Frameworks */ = {
			isa = PBXFrameworksBuildPhase;
			buildActionMask = 2147483647;
			files = (
			);
			runOnlyForDeploymentPostprocessing = 0;
		};
/* End PBXFrameworksBuildPhase section */

/* Begin PBXGroup section */
		A347A49D2487E175001115AF = {
			isa = PBXGroup;
			children = (
				A347A4A82487E175001115AF /* KeyValuePicker */,
				A347A4C22487E176001115AF /* KeyValuePickerTests */,
				A347A4CD2487E176001115AF /* KeyValuePickerUITests */,
				A347A4A72487E175001115AF /* Products */,
			);
			sourceTree = "<group>";
		};
		A347A4A72487E175001115AF /* Products */ = {
			isa = PBXGroup;
			children = (
				A347A4A62487E175001115AF /* KeyValuePicker.app */,
				A347A4BF2487E176001115AF /* KeyValuePickerTests.xctest */,
				A347A4CA2487E176001115AF /* KeyValuePickerUITests.xctest */,
			);
			name = Products;
			sourceTree = "<group>";
		};
		A347A4A82487E175001115AF /* KeyValuePicker */ = {
			isa = PBXGroup;
			children = (
				A347A4A92487E175001115AF /* AppDelegate.swift */,
				A347A4AB2487E175001115AF /* SceneDelegate.swift */,
				A347A4AD2487E175001115AF /* ViewController.swift */,
				A347A4AF2487E175001115AF /* Main.storyboard */,
				A347A4B52487E176001115AF /* Assets.xcassets */,
				A347A4B72487E176001115AF /* LaunchScreen.storyboard */,
				A347A4BA2487E176001115AF /* Info.plist */,
				A347A4B22487E175001115AF /* KeyValuePicker.xcdatamodeld */,
			);
			path = KeyValuePicker;
			sourceTree = "<group>";
		};
		A347A4C22487E176001115AF /* KeyValuePickerTests */ = {
			isa = PBXGroup;
			children = (
				A347A4C32487E176001115AF /* KeyValuePickerTests.swift */,
				A347A4C52487E176001115AF /* Info.plist */,
			);
			path = KeyValuePickerTests;
			sourceTree = "<group>";
		};
		A347A4CD2487E176001115AF /* KeyValuePickerUITests */ = {
			isa = PBXGroup;
			children = (
				A347A4CE2487E176001115AF /* KeyValuePickerUITests.swift */,
				A347A4D02487E176001115AF /* Info.plist */,
			);
			path = KeyValuePickerUITests;
			sourceTree = "<group>";
		};
/* End PBXGroup section */

/* Begin PBXNativeTarget section */
		A347A4A52487E175001115AF /* KeyValuePicker */ = {
			isa = PBXNativeTarget;
			buildConfigurationList = A347A4D32487E176001115AF /* Build configuration list for PBXNativeTarget "KeyValuePicker" */;
			buildPhases = (
				A347A4A22487E175001115AF /* Sources */,
				A347A4A32487E175001115AF /* Frameworks */,
				A347A4A42487E175001115AF /* Resources */,
			);
			buildRules = (
			);
			dependencies = (
			);
			name = KeyValuePicker;
			productName = KeyValuePicker;
			productReference = A347A4A62487E175001115AF /* KeyValuePicker.app */;
			productType = "com.apple.product-type.application";
		};
		A347A4BE2487E176001115AF /* KeyValuePickerTests */ = {
			isa = PBXNativeTarget;
			buildConfigurationList = A347A4D62487E176001115AF /* Build configuration list for PBXNativeTarget "KeyValuePickerTests" */;
			buildPhases = (
				A347A4BB2487E176001115AF /* Sources */,
				A347A4BC2487E176001115AF /* Frameworks */,
				A347A4BD2487E176001115AF /* Resources */,
			);
			buildRules = (
			);
			dependencies = (
				A347A4C12487E176001115AF /* PBXTargetDependency */,
			);
			name = KeyValuePickerTests;
			productName = KeyValuePickerTests;
			productReference = A347A4BF2487E176001115AF /* KeyValuePickerTests.xctest */;
			productType = "com.apple.product-type.bundle.unit-test";
		};
		A347A4C92487E176001115AF /* KeyValuePickerUITests */ = {
			isa = PBXNativeTarget;
			buildConfigurationList = A347A4D92487E176001115AF /* Build configuration list for PBXNativeTarget "KeyValuePickerUITests" */;
			buildPhases = (
				A347A4C62487E176001115AF /* Sources */,
				A347A4C72487E176001115AF /* Frameworks */,
				A347A4C82487E176001115AF /* Resources */,
			);
			buildRules = (
			);
			dependencies = (
				A347A4CC2487E176001115AF /* PBXTargetDependency */,
			);
			name = KeyValuePickerUITests;
			productName = KeyValuePickerUITests;
			productReference = A347A4CA2487E176001115AF /* KeyValuePickerUITests.xctest */;
			productType = "com.apple.product-type.bundle.ui-testing";
		};
/* End PBXNativeTarget section */

/* Begin PBXProject section */
		A347A49E2487E175001115AF /* Project object */ = {
			isa = PBXProject;
			attributes = {
				LastSwiftUpdateCheck = 1150;
				LastUpgradeCheck = 1150;
				ORGANIZATIONNAME = ryota;
				TargetAttributes = {
					A347A4A52487E175001115AF = {
						CreatedOnToolsVersion = 11.5;
					};
					A347A4BE2487E176001115AF = {
						CreatedOnToolsVersion = 11.5;
						TestTargetID = A347A4A52487E175001115AF;
					};
					A347A4C92487E176001115AF = {
						CreatedOnToolsVersion = 11.5;
						TestTargetID = A347A4A52487E175001115AF;
					};
				};
			};
			buildConfigurationList = A347A4A12487E175001115AF /* Build configuration list for PBXProject "KeyValuePicker" */;
			compatibilityVersion = "Xcode 9.3";
			developmentRegion = en;
			hasScannedForEncodings = 0;
			knownRegions = (
				en,
				Base,
			);
			mainGroup = A347A49D2487E175001115AF;
			productRefGroup = A347A4A72487E175001115AF /* Products */;
			projectDirPath = "";
			projectRoot = "";
			targets = (
				A347A4A52487E175001115AF /* KeyValuePicker */,
				A347A4BE2487E176001115AF /* KeyValuePickerTests */,
				A347A4C92487E176001115AF /* KeyValuePickerUITests */,
			);
		};
/* End PBXProject section */

/* Begin PBXResourcesBuildPhase section */
		A347A4A42487E175001115AF /* Resources */ = {
			isa = PBXResourcesBuildPhase;
			buildActionMask = 2147483647;
			files = (
				A347A4B92487E176001115AF /* LaunchScreen.storyboard in Resources */,
				A347A4B62487E176001115AF /* Assets.xcassets in Resources */,
				A347A4B12487E175001115AF /* Main.storyboard in Resources */,
			);
			runOnlyForDeploymentPostprocessing = 0;
		};
		A347A4BD2487E176001115AF /* Resources */ = {
			isa = PBXResourcesBuildPhase;
			buildActionMask = 2147483647;
			files = (
			);
			runOnlyForDeploymentPostprocessing = 0;
		};
		A347A4C82487E176001115AF /* Resources */ = {
			isa = PBXResourcesBuildPhase;
			buildActionMask = 2147483647;
			files = (
			);
			runOnlyForDeploymentPostprocessing = 0;
		};
/* End PBXResourcesBuildPhase section */

/* Begin PBXSourcesBuildPhase section */
		A347A4A22487E175001115AF /* Sources */ = {
			isa = PBXSourcesBuildPhase;
			buildActionMask = 2147483647;
			files = (
				A347A4AE2487E175001115AF /* ViewController.swift in Sources */,
				A347A4AA2487E175001115AF /* AppDelegate.swift in Sources */,
				A347A4AC2487E175001115AF /* SceneDelegate.swift in Sources */,
				A347A4B42487E175001115AF /* KeyValuePicker.xcdatamodeld in Sources */,
			);
			runOnlyForDeploymentPostprocessing = 0;
		};
		A347A4BB2487E176001115AF /* Sources */ = {
			isa = PBXSourcesBuildPhase;
			buildActionMask = 2147483647;
			files = (
				A347A4C42487E176001115AF /* KeyValuePickerTests.swift in Sources */,
			);
			runOnlyForDeploymentPostprocessing = 0;
		};
		A347A4C62487E176001115AF /* Sources */ = {
			isa = PBXSourcesBuildPhase;
			buildActionMask = 2147483647;
			files = (
				A347A4CF2487E176001115AF /* KeyValuePickerUITests.swift in Sources */,
			);
			runOnlyForDeploymentPostprocessing = 0;
		};
/* End PBXSourcesBuildPhase section */

/* Begin PBXTargetDependency section */
		A347A4C12487E176001115AF /* PBXTargetDependency */ = {
			isa = PBXTargetDependency;
			target = A347A4A52487E175001115AF /* KeyValuePicker */;
			targetProxy = A347A4C02487E176001115AF /* PBXContainerItemProxy */;
		};
		A347A4CC2487E176001115AF /* PBXTargetDependency */ = {
			isa = PBXTargetDependency;
			target = A347A4A52487E175001115AF /* KeyValuePicker */;
			targetProxy = A347A4CB2487E176001115AF /* PBXContainerItemProxy */;
		};
/* End PBXTargetDependency section */

/* Begin PBXVariantGroup section */
		A347A4AF2487E175001115AF /* Main.storyboard */ = {
			isa = PBXVariantGroup;
			children = (
				A347A4B02487E175001115AF /* Base */,
			);
			name = Main.storyboard;
			sourceTree = "<group>";
		};
		A347A4B72487E176001115AF /* LaunchScreen.storyboard */ = {
			isa = PBXVariantGroup;
			children = (
				A347A4B82487E176001115AF /* Base */,
			);
			name = LaunchScreen.storyboard;
			sourceTree = "<group>";
		};
/* End PBXVariantGroup section */

/* Begin XCBuildConfiguration section */
		A347A4D12487E176001115AF /* Debug */ = {
			isa = XCBuildConfiguration;
			buildSettings = {
				ALWAYS_SEARCH_USER_PATHS = NO;
				CLANG_ANALYZER_NONNULL = YES;
				CLANG_ANALYZER_NUMBER_OBJECT_CONVERSION = YES_AGGRESSIVE;
				CLANG_CXX_LANGUAGE_STANDARD = "gnu++14";
				CLANG_CXX_LIBRARY = "libc++";
				CLANG_ENABLE_MODULES = YES;
				CLANG_ENABLE_OBJC_ARC = YES;
				CLANG_ENABLE_OBJC_WEAK = YES;
				CLANG_WARN_BLOCK_CAPTURE_AUTORELEASING = YES;
				CLANG_WARN_BOOL_CONVERSION = YES;
				CLANG_WARN_COMMA = YES;
				CLANG_WARN_CONSTANT_CONVERSION = YES;
				CLANG_WARN_DEPRECATED_OBJC_IMPLEMENTATIONS = YES;
				CLANG_WARN_DIRECT_OBJC_ISA_USAGE = YES_ERROR;
				CLANG_WARN_DOCUMENTATION_COMMENTS = YES;
				CLANG_WARN_EMPTY_BODY = YES;
				CLANG_WARN_ENUM_CONVERSION = YES;
				CLANG_WARN_INFINITE_RECURSION = YES;
				CLANG_WARN_INT_CONVERSION = YES;
				CLANG_WARN_NON_LITERAL_NULL_CONVERSION = YES;
				CLANG_WARN_OBJC_IMPLICIT_RETAIN_SELF = YES;
				CLANG_WARN_OBJC_LITERAL_CONVERSION = YES;
				CLANG_WARN_OBJC_ROOT_CLASS = YES_ERROR;
				CLANG_WARN_RANGE_LOOP_ANALYSIS = YES;
				CLANG_WARN_STRICT_PROTOTYPES = YES;
				CLANG_WARN_SUSPICIOUS_MOVE = YES;
				CLANG_WARN_UNGUARDED_AVAILABILITY = YES_AGGRESSIVE;
				CLANG_WARN_UNREACHABLE_CODE = YES;
				CLANG_WARN__DUPLICATE_METHOD_MATCH = YES;
				COPY_PHASE_STRIP = NO;
				DEBUG_INFORMATION_FORMAT = dwarf;
				ENABLE_STRICT_OBJC_MSGSEND = YES;
				ENABLE_TESTABILITY = YES;
				GCC_C_LANGUAGE_STANDARD = gnu11;
				GCC_DYNAMIC_NO_PIC = NO;
				GCC_NO_COMMON_BLOCKS = YES;
				GCC_OPTIMIZATION_LEVEL = 0;
				GCC_PREPROCESSOR_DEFINITIONS = (
					"DEBUG=1",
					"$(inherited)",
				);
				GCC_WARN_64_TO_32_BIT_CONVERSION = YES;
				GCC_WARN_ABOUT_RETURN_TYPE = YES_ERROR;
				GCC_WARN_UNDECLARED_SELECTOR = YES;
				GCC_WARN_UNINITIALIZED_AUTOS = YES_AGGRESSIVE;
				GCC_WARN_UNUSED_FUNCTION = YES;
				GCC_WARN_UNUSED_VARIABLE = YES;
				IPHONEOS_DEPLOYMENT_TARGET = 13.5;
				MTL_ENABLE_DEBUG_INFO = INCLUDE_SOURCE;
				MTL_FAST_MATH = YES;
				ONLY_ACTIVE_ARCH = YES;
				SDKROOT = iphoneos;
				SWIFT_ACTIVE_COMPILATION_CONDITIONS = DEBUG;
				SWIFT_OPTIMIZATION_LEVEL = "-Onone";
			};
			name = Debug;
		};
		A347A4D22487E176001115AF /* Release */ = {
			isa = XCBuildConfiguration;
			buildSettings = {
				ALWAYS_SEARCH_USER_PATHS = NO;
				CLANG_ANALYZER_NONNULL = YES;
				CLANG_ANALYZER_NUMBER_OBJECT_CONVERSION = YES_AGGRESSIVE;
				CLANG_CXX_LANGUAGE_STANDARD = "gnu++14";
				CLANG_CXX_LIBRARY = "libc++";
				CLANG_ENABLE_MODULES = YES;
				CLANG_ENABLE_OBJC_ARC = YES;
				CLANG_ENABLE_OBJC_WEAK = YES;
				CLANG_WARN_BLOCK_CAPTURE_AUTORELEASING = YES;
				CLANG_WARN_BOOL_CONVERSION = YES;
				CLANG_WARN_COMMA = YES;
				CLANG_WARN_CONSTANT_CONVERSION = YES;
				CLANG_WARN_DEPRECATED_OBJC_IMPLEMENTATIONS = YES;
				CLANG_WARN_DIRECT_OBJC_ISA_USAGE = YES_ERROR;
				CLANG_WARN_DOCUMENTATION_COMMENTS = YES;
				CLANG_WARN_EMPTY_BODY = YES;
				CLANG_WARN_ENUM_CONVERSION = YES;
				CLANG_WARN_INFINITE_RECURSION = YES;
				CLANG_WARN_INT_CONVERSION = YES;
				CLANG_WARN_NON_LITERAL_NULL_CONVERSION = YES;
				CLANG_WARN_OBJC_IMPLICIT_RETAIN_SELF = YES;
				CLANG_WARN_OBJC_LITERAL_CONVERSION = YES;
				CLANG_WARN_OBJC_ROOT_CLASS = YES_ERROR;
				CLANG_WARN_RANGE_LOOP_ANALYSIS = YES;
				CLANG_WARN_STRICT_PROTOTYPES = YES;
				CLANG_WARN_SUSPICIOUS_MOVE = YES;
				CLANG_WARN_UNGUARDED_AVAILABILITY = YES_AGGRESSIVE;
				CLANG_WARN_UNREACHABLE_CODE = YES;
				CLANG_WARN__DUPLICATE_METHOD_MATCH = YES;
				COPY_PHASE_STRIP = NO;
				DEBUG_INFORMATION_FORMAT = "dwarf-with-dsym";
				ENABLE_NS_ASSERTIONS = NO;
				ENABLE_STRICT_OBJC_MSGSEND = YES;
				GCC_C_LANGUAGE_STANDARD = gnu11;
				GCC_NO_COMMON_BLOCKS = YES;
				GCC_WARN_64_TO_32_BIT_CONVERSION = YES;
				GCC_WARN_ABOUT_RETURN_TYPE = YES_ERROR;
				GCC_WARN_UNDECLARED_SELECTOR = YES;
				GCC_WARN_UNINITIALIZED_AUTOS = YES_AGGRESSIVE;
				GCC_WARN_UNUSED_FUNCTION = YES;
				GCC_WARN_UNUSED_VARIABLE = YES;
				IPHONEOS_DEPLOYMENT_TARGET = 13.5;
				MTL_ENABLE_DEBUG_INFO = NO;
				MTL_FAST_MATH = YES;
				SDKROOT = iphoneos;
				SWIFT_COMPILATION_MODE = wholemodule;
				SWIFT_OPTIMIZATION_LEVEL = "-O";
				VALIDATE_PRODUCT = YES;
			};
			name = Release;
		};
		A347A4D42487E176001115AF /* Debug */ = {
			isa = XCBuildConfiguration;
			buildSettings = {
				ASSETCATALOG_COMPILER_APPICON_NAME = AppIcon;
				CODE_SIGN_STYLE = Automatic;
				DEVELOPMENT_TEAM = XC6768SR7J;
				INFOPLIST_FILE = KeyValuePicker/Info.plist;
				LD_RUNPATH_SEARCH_PATHS = (
					"$(inherited)",
					"@executable_path/Frameworks",
				);
				PRODUCT_BUNDLE_IDENTIFIER = ryotaF.KeyValuePicker;
				PRODUCT_NAME = "$(TARGET_NAME)";
				SWIFT_VERSION = 5.0;
				TARGETED_DEVICE_FAMILY = "1,2";
			};
			name = Debug;
		};
		A347A4D52487E176001115AF /* Release */ = {
			isa = XCBuildConfiguration;
			buildSettings = {
				ASSETCATALOG_COMPILER_APPICON_NAME = AppIcon;
				CODE_SIGN_STYLE = Automatic;
				DEVELOPMENT_TEAM = XC6768SR7J;
				INFOPLIST_FILE = KeyValuePicker/Info.plist;
				LD_RUNPATH_SEARCH_PATHS = (
					"$(inherited)",
					"@executable_path/Frameworks",
				);
				PRODUCT_BUNDLE_IDENTIFIER = ryotaF.KeyValuePicker;
				PRODUCT_NAME = "$(TARGET_NAME)";
				SWIFT_VERSION = 5.0;
				TARGETED_DEVICE_FAMILY = "1,2";
			};
			name = Release;
		};
		A347A4D72487E176001115AF /* Debug */ = {
			isa = XCBuildConfiguration;
			buildSettings = {
				ALWAYS_EMBED_SWIFT_STANDARD_LIBRARIES = YES;
				BUNDLE_LOADER = "$(TEST_HOST)";
				CODE_SIGN_STYLE = Automatic;
				DEVELOPMENT_TEAM = XC6768SR7J;
				INFOPLIST_FILE = KeyValuePickerTests/Info.plist;
				IPHONEOS_DEPLOYMENT_TARGET = 13.5;
				LD_RUNPATH_SEARCH_PATHS = (
					"$(inherited)",
					"@executable_path/Frameworks",
					"@loader_path/Frameworks",
				);
				PRODUCT_BUNDLE_IDENTIFIER = ryotaF.KeyValuePickerTests;
				PRODUCT_NAME = "$(TARGET_NAME)";
				SWIFT_VERSION = 5.0;
				TARGETED_DEVICE_FAMILY = "1,2";
				TEST_HOST = "$(BUILT_PRODUCTS_DIR)/KeyValuePicker.app/KeyValuePicker";
			};
			name = Debug;
		};
		A347A4D82487E176001115AF /* Release */ = {
			isa = XCBuildConfiguration;
			buildSettings = {
				ALWAYS_EMBED_SWIFT_STANDARD_LIBRARIES = YES;
				BUNDLE_LOADER = "$(TEST_HOST)";
				CODE_SIGN_STYLE = Automatic;
				DEVELOPMENT_TEAM = XC6768SR7J;
				INFOPLIST_FILE = KeyValuePickerTests/Info.plist;
				IPHONEOS_DEPLOYMENT_TARGET = 13.5;
				LD_RUNPATH_SEARCH_PATHS = (
					"$(inherited)",
					"@executable_path/Frameworks",
					"@loader_path/Frameworks",
				);
				PRODUCT_BUNDLE_IDENTIFIER = ryotaF.KeyValuePickerTests;
				PRODUCT_NAME = "$(TARGET_NAME)";
				SWIFT_VERSION = 5.0;
				TARGETED_DEVICE_FAMILY = "1,2";
				TEST_HOST = "$(BUILT_PRODUCTS_DIR)/KeyValuePicker.app/KeyValuePicker";
			};
			name = Release;
		};
		A347A4DA2487E176001115AF /* Debug */ = {
			isa = XCBuildConfiguration;
			buildSettings = {
				ALWAYS_EMBED_SWIFT_STANDARD_LIBRARIES = YES;
				CODE_SIGN_STYLE = Automatic;
				DEVELOPMENT_TEAM = XC6768SR7J;
				INFOPLIST_FILE = KeyValuePickerUITests/Info.plist;
				LD_RUNPATH_SEARCH_PATHS = (
					"$(inherited)",
					"@executable_path/Frameworks",
					"@loader_path/Frameworks",
				);
				PRODUCT_BUNDLE_IDENTIFIER = ryotaF.KeyValuePickerUITests;
				PRODUCT_NAME = "$(TARGET_NAME)";
				SWIFT_VERSION = 5.0;
				TARGETED_DEVICE_FAMILY = "1,2";
				TEST_TARGET_NAME = KeyValuePicker;
			};
			name = Debug;
		};
		A347A4DB2487E176001115AF /* Release */ = {
			isa = XCBuildConfiguration;
			buildSettings = {
				ALWAYS_EMBED_SWIFT_STANDARD_LIBRARIES = YES;
				CODE_SIGN_STYLE = Automatic;
				DEVELOPMENT_TEAM = XC6768SR7J;
				INFOPLIST_FILE = KeyValuePickerUITests/Info.plist;
				LD_RUNPATH_SEARCH_PATHS = (
					"$(inherited)",
					"@executable_path/Frameworks",
					"@loader_path/Frameworks",
				);
				PRODUCT_BUNDLE_IDENTIFIER = ryotaF.KeyValuePickerUITests;
				PRODUCT_NAME = "$(TARGET_NAME)";
				SWIFT_VERSION = 5.0;
				TARGETED_DEVICE_FAMILY = "1,2";
				TEST_TARGET_NAME = KeyValuePicker;
			};
			name = Release;
		};
/* End XCBuildConfiguration section */

/* Begin XCConfigurationList section */
		A347A4A12487E175001115AF /* Build configuration list for PBXProject "KeyValuePicker" */ = {
			isa = XCConfigurationList;
			buildConfigurations = (
				A347A4D12487E176001115AF /* Debug */,
				A347A4D22487E176001115AF /* Release */,
			);
			defaultConfigurationIsVisible = 0;
			defaultConfigurationName = Release;
		};
		A347A4D32487E176001115AF /* Build configuration list for PBXNativeTarget "KeyValuePicker" */ = {
			isa = XCConfigurationList;
			buildConfigurations = (
				A347A4D42487E176001115AF /* Debug */,
				A347A4D52487E176001115AF /* Release */,
			);
			defaultConfigurationIsVisible = 0;
			defaultConfigurationName = Release;
		};
		A347A4D62487E176001115AF /* Build configuration list for PBXNativeTarget "KeyValuePickerTests" */ = {
			isa = XCConfigurationList;
			buildConfigurations = (
				A347A4D72487E176001115AF /* Debug */,
				A347A4D82487E176001115AF /* Release */,
			);
			defaultConfigurationIsVisible = 0;
			defaultConfigurationName = Release;
		};
		A347A4D92487E176001115AF /* Build configuration list for PBXNativeTarget "KeyValuePickerUITests" */ = {
			isa = XCConfigurationList;
			buildConfigurations = (
				A347A4DA2487E176001115AF /* Debug */,
				A347A4DB2487E176001115AF /* Release */,
			);
			defaultConfigurationIsVisible = 0;
			defaultConfigurationName = Release;
		};
/* End XCConfigurationList section */

/* Begin XCVersionGroup section */
		A347A4B22487E175001115AF /* KeyValuePicker.xcdatamodeld */ = {
			isa = XCVersionGroup;
			children = (
				A347A4B32487E175001115AF /* KeyValuePicker.xcdatamodel */,
			);
			currentVersion = A347A4B32487E175001115AF /* KeyValuePicker.xcdatamodel */;
			path = KeyValuePicker.xcdatamodeld;
			sourceTree = "<group>";
			versionGroupType = wrapper.xcdatamodel;
		};
/* End XCVersionGroup section */
	};
	rootObject = A347A49E2487E175001115AF /* Project object */;
}
